Microsoft Visual Studio Solution File, Format Version 11.00
# Visual Studio 2008

Project("{2AB29C1C-D38F-399A-7273-B0ECA1057005}") = "FPS(FINAL)", "Assembly-CSharp-firstpass-vs.csproj", "{E684EFAF-0521-C1A7-7C67-A0D4ACBD476B}"
EndProject
Project("{2AB29C1C-D38F-399A-7273-B0ECA1057005}") = "FPS(FINAL)", "Assembly-CSharp-vs.csproj", "{177D3526-A183-02BA-29D7-525E25A0F990}"
EndProject
Global
	GlobalSection(SolutionConfigurationPlatforms) = preSolution
		Debug|Any CPU = Debug|Any CPU
		Release|Any CPU = Release|Any CPU
	EndGlobalSection
	GlobalSection(ProjectConfigurationPlatforms) = postSolution
		{E684EFAF-0521-C1A7-7C67-A0D4ACBD476B}.Debug|Any CPU.ActiveCfg = Debug|Any CPU
		{E684EFAF-0521-C1A7-7C67-A0D4ACBD476B}.Debug|Any CPU.Build.0 = Debug|Any CPU
		{E684EFAF-0521-C1A7-7C67-A0D4ACBD476B}.Release|Any CPU.ActiveCfg = Release|Any CPU
		{E684EFAF-0521-C1A7-7C67-A0D4ACBD476B}.Release|Any CPU.Build.0 = Release|Any CPU
		{177D3526-A183-02BA-29D7-525E25A0F990}.Debug|Any CPU.ActiveCfg = Debug|Any CPU
		{177D3526-A183-02BA-29D7-525E25A0F990}.Debug|Any CPU.Build.0 = Debug|Any CPU
		{177D3526-A183-02BA-29D7-525E25A0F990}.Release|Any CPU.ActiveCfg = Release|Any CPU
		{177D3526-A183-02BA-29D7-525E25A0F990}.Release|Any CPU.Build.0 = Release|Any CPU
	EndGlobalSection
	GlobalSection(SolutionProperties) = preSolution
		HideSolutionNode = FALSE
	EndGlobalSection
									GlobalSection(MonoDevelopProperties) = preSolution
		StartupItem = Assembly-CSharp.csproj
		Policies = $0
		$0.TextStylePolicy = $1
		$1.inheritsSet = null
		$1.scope = text/x-csharp
		$0.CSharpFormattingPolicy = $2
		$2.inheritsSet = Mono
		$2.inheritsScope = text/x-csharp
		$2.scope = text/x-csharp
		$0.TextStylePolicy = $3
		$3.FileWidth = 120
		$3.TabWidth = 4
		$3.IndentWidth = 4
		$3.EolMarker = Unix
		$3.inheritsSet = Mono
		$3.inheritsScope = text/plain
		$3.scope = text/plain
	EndGlobalSection

EndGlobal
