Microsoft Visual Studio Solution File, Format Version 11.00
# Visual Studio 2008

Project("{09A587D8-B895-301C-9C24-95B6C75DB831}") = "FPS(29-01-16)", "Assembly-CSharp-firstpass.csproj", "{F4277F90-796A-BC72-CC7B-21FA857173AA}"
EndProject
Project("{09A587D8-B895-301C-9C24-95B6C75DB831}") = "FPS(29-01-16)", "Assembly-CSharp.csproj", "{760DFDA4-D106-BD26-ACB9-DC7707528316}"
EndProject
Project("{09A587D8-B895-301C-9C24-95B6C75DB831}") = "FPS(29-01-16)", "Assembly-UnityScript-firstpass.unityproj", "{07DC1D60-E198-E3AC-D035-7277E98A1950}"
EndProject
Project("{09A587D8-B895-301C-9C24-95B6C75DB831}") = "FPS(29-01-16)", "Assembly-UnityScript.unityproj", "{42BD0B41-5025-45C1-A804-9CE3D1A5FD7A}"
EndProject
Global
	GlobalSection(SolutionConfigurationPlatforms) = preSolution
		Debug|Any CPU = Debug|Any CPU
		Release|Any CPU = Release|Any CPU
	EndGlobalSection
	GlobalSection(ProjectConfigurationPlatforms) = postSolution
		{F4277F90-796A-BC72-CC7B-21FA857173AA}.Debug|Any CPU.ActiveCfg = Debug|Any CPU
		{F4277F90-796A-BC72-CC7B-21FA857173AA}.Debug|Any CPU.Build.0 = Debug|Any CPU
		{F4277F90-796A-BC72-CC7B-21FA857173AA}.Release|Any CPU.ActiveCfg = Release|Any CPU
		{F4277F90-796A-BC72-CC7B-21FA857173AA}.Release|Any CPU.Build.0 = Release|Any CPU
		{760DFDA4-D106-BD26-ACB9-DC7707528316}.Debug|Any CPU.ActiveCfg = Debug|Any CPU
		{760DFDA4-D106-BD26-ACB9-DC7707528316}.Debug|Any CPU.Build.0 = Debug|Any CPU
		{760DFDA4-D106-BD26-ACB9-DC7707528316}.Release|Any CPU.ActiveCfg = Release|Any CPU
		{760DFDA4-D106-BD26-ACB9-DC7707528316}.Release|Any CPU.Build.0 = Release|Any CPU
		{07DC1D60-E198-E3AC-D035-7277E98A1950}.Debug|Any CPU.ActiveCfg = Debug|Any CPU
		{07DC1D60-E198-E3AC-D035-7277E98A1950}.Debug|Any CPU.Build.0 = Debug|Any CPU
		{07DC1D60-E198-E3AC-D035-7277E98A1950}.Release|Any CPU.ActiveCfg = Release|Any CPU
		{07DC1D60-E198-E3AC-D035-7277E98A1950}.Release|Any CPU.Build.0 = Release|Any CPU
		{42BD0B41-5025-45C1-A804-9CE3D1A5FD7A}.Debug|Any CPU.ActiveCfg = Debug|Any CPU
		{42BD0B41-5025-45C1-A804-9CE3D1A5FD7A}.Debug|Any CPU.Build.0 = Debug|Any CPU
		{42BD0B41-5025-45C1-A804-9CE3D1A5FD7A}.Release|Any CPU.ActiveCfg = Release|Any CPU
		{42BD0B41-5025-45C1-A804-9CE3D1A5FD7A}.Release|Any CPU.Build.0 = Release|Any CPU
	EndGlobalSection
	GlobalSection(SolutionProperties) = preSolution
		HideSolutionNode = FALSE
	EndGlobalSection
																																																																																																																																																					GlobalSection(MonoDevelopProperties) = preSolution
		StartupItem = Assembly-CSharp.csproj
		Policies = $0
		$0.TextStylePolicy = $1
		$1.inheritsSet = null
		$1.scope = text/x-csharp
		$0.CSharpFormattingPolicy = $2
		$2.inheritsSet = Mono
		$2.inheritsScope = text/x-csharp
		$2.scope = text/x-csharp
		$0.TextStylePolicy = $3
		$3.FileWidth = 120
		$3.TabWidth = 4
		$3.IndentWidth = 4
		$3.EolMarker = Unix
		$3.inheritsSet = Mono
		$3.inheritsScope = text/plain
		$3.scope = text/plain
	EndGlobalSection

EndGlobal
